
Microsoft Visual Studio Solution File, Format Version 12.00
# Visual Studio Version 17
VisualStudioVersion = 17.12.35527.113 d17.12
MinimumVisualStudioVersion = 10.0.40219.1
Project("{FAE04EC0-301F-11D3-BF4B-00C04F79EFBC}") = "Intaker.TaskManagement.API", "Intaker.TaskManagement\Intaker.TaskManagement.API.csproj", "{2B167909-D6A8-46D1-ACF7-55A1028C170B}"
EndProject
Global
	GlobalSection(SolutionConfigurationPlatforms) = preSolution
		Debug|Any CPU = Debug|Any CPU
		Release|Any CPU = Release|Any CPU
	EndGlobalSection
	GlobalSection(ProjectConfigurationPlatforms) = postSolution
		{2B167909-D6A8-46D1-ACF7-55A1028C170B}.Debug|Any CPU.ActiveCfg = Debug|Any CPU
		{2B167909-D6A8-46D1-ACF7-55A1028C170B}.Debug|Any CPU.Build.0 = Debug|Any CPU
		{2B167909-D6A8-46D1-ACF7-55A1028C170B}.Release|Any CPU.ActiveCfg = Release|Any CPU
		{2B167909-D6A8-46D1-ACF7-55A1028C170B}.Release|Any CPU.Build.0 = Release|Any CPU
	EndGlobalSection
	GlobalSection(SolutionProperties) = preSolution
		HideSolutionNode = FALSE
	EndGlobalSection
EndGlobal
